
Microsoft Visual Studio Solution File, Format Version 12.00
# Visual Studio Version 17
VisualStudioVersion = 17.3.32825.248
MinimumVisualStudioVersion = 10.0.40219.1
Project("{9A19103F-16F7-4668-BE54-9A1E7A4F7556}") = "ShoppingList", "ShoppingList\ShoppingList.csproj", "{50E434EB-8135-4097-B1B7-5BB295BB01CD}"
EndProject
Project("{FAE04EC0-301F-11D3-BF4B-00C04F79EFBC}") = "ShoppingListTests", "ShoppingListTests\ShoppingListTests.csproj", "{025CD4B8-60A1-4D44-9660-F33D1E3EE462}"
EndProject
Global
	GlobalSection(SolutionConfigurationPlatforms) = preSolution
		Debug|Any CPU = Debug|Any CPU
		Release|Any CPU = Release|Any CPU
	EndGlobalSection
	GlobalSection(ProjectConfigurationPlatforms) = postSolution
		{50E434EB-8135-4097-B1B7-5BB295BB01CD}.Debug|Any CPU.ActiveCfg = Debug|Any CPU
		{50E434EB-8135-4097-B1B7-5BB295BB01CD}.Debug|Any CPU.Build.0 = Debug|Any CPU
		{50E434EB-8135-4097-B1B7-5BB295BB01CD}.Release|Any CPU.ActiveCfg = Release|Any CPU
		{50E434EB-8135-4097-B1B7-5BB295BB01CD}.Release|Any CPU.Build.0 = Release|Any CPU
		{025CD4B8-60A1-4D44-9660-F33D1E3EE462}.Debug|Any CPU.ActiveCfg = Debug|Any CPU
		{025CD4B8-60A1-4D44-9660-F33D1E3EE462}.Debug|Any CPU.Build.0 = Debug|Any CPU
		{025CD4B8-60A1-4D44-9660-F33D1E3EE462}.Release|Any CPU.ActiveCfg = Release|Any CPU
		{025CD4B8-60A1-4D44-9660-F33D1E3EE462}.Release|Any CPU.Build.0 = Release|Any CPU
	EndGlobalSection
	GlobalSection(SolutionProperties) = preSolution
		HideSolutionNode = FALSE
	EndGlobalSection
	GlobalSection(ExtensibilityGlobals) = postSolution
		SolutionGuid = {A4A14680-782A-4ED1-B40B-114AB432CB9D}
	EndGlobalSection
EndGlobal
